
Microsoft Visual Studio Solution File, Format Version 12.00
# Visual Studio Version 17
VisualStudioVersion = 17.9.34728.123
MinimumVisualStudioVersion = 10.0.40219.1
Project("{9A19103F-16F7-4668-BE54-9A1E7A4F7556}") = "ex05_classes", "ex05_classes.csproj", "{B0291433-8395-4514-85F6-870928F31B79}"
EndProject
Global
	GlobalSection(SolutionConfigurationPlatforms) = preSolution
		Debug|Any CPU = Debug|Any CPU
		Release|Any CPU = Release|Any CPU
	EndGlobalSection
	GlobalSection(ProjectConfigurationPlatforms) = postSolution
		{B0291433-8395-4514-85F6-870928F31B79}.Debug|Any CPU.ActiveCfg = Debug|Any CPU
		{B0291433-8395-4514-85F6-870928F31B79}.Debug|Any CPU.Build.0 = Debug|Any CPU
		{B0291433-8395-4514-85F6-870928F31B79}.Release|Any CPU.ActiveCfg = Release|Any CPU
		{B0291433-8395-4514-85F6-870928F31B79}.Release|Any CPU.Build.0 = Release|Any CPU
	EndGlobalSection
	GlobalSection(SolutionProperties) = preSolution
		HideSolutionNode = FALSE
	EndGlobalSection
	GlobalSection(ExtensibilityGlobals) = postSolution
		SolutionGuid = {3419D0EE-68D2-4F44-8DBC-E4ED2626FD8C}
	EndGlobalSection
EndGlobal
