
Microsoft Visual Studio Solution File, Format Version 12.00
# Visual Studio Version 17
VisualStudioVersion = 17.9.34728.123
MinimumVisualStudioVersion = 10.0.40219.1
Project("{9A19103F-16F7-4668-BE54-9A1E7A4F7556}") = "ex18_winControlApp", "ex18_winControlApp\ex18_winControlApp.csproj", "{D515C04B-A24E-4969-886A-F095F6F4F658}"
EndProject
Project("{FAE04EC0-301F-11D3-BF4B-00C04F79EFBC}") = "ex19_asyncs", "..\cs05_winform_app\ex19_asyncs\ex19_asyncs.csproj", "{B6B9ABB6-4EF8-4F75-BBE9-755F7577BE69}"
EndProject
Global
	GlobalSection(SolutionConfigurationPlatforms) = preSolution
		Debug|Any CPU = Debug|Any CPU
		Release|Any CPU = Release|Any CPU
	EndGlobalSection
	GlobalSection(ProjectConfigurationPlatforms) = postSolution
		{D515C04B-A24E-4969-886A-F095F6F4F658}.Debug|Any CPU.ActiveCfg = Debug|Any CPU
		{D515C04B-A24E-4969-886A-F095F6F4F658}.Debug|Any CPU.Build.0 = Debug|Any CPU
		{D515C04B-A24E-4969-886A-F095F6F4F658}.Release|Any CPU.ActiveCfg = Release|Any CPU
		{D515C04B-A24E-4969-886A-F095F6F4F658}.Release|Any CPU.Build.0 = Release|Any CPU
		{B6B9ABB6-4EF8-4F75-BBE9-755F7577BE69}.Debug|Any CPU.ActiveCfg = Debug|Any CPU
		{B6B9ABB6-4EF8-4F75-BBE9-755F7577BE69}.Debug|Any CPU.Build.0 = Debug|Any CPU
		{B6B9ABB6-4EF8-4F75-BBE9-755F7577BE69}.Release|Any CPU.ActiveCfg = Release|Any CPU
		{B6B9ABB6-4EF8-4F75-BBE9-755F7577BE69}.Release|Any CPU.Build.0 = Release|Any CPU
	EndGlobalSection
	GlobalSection(SolutionProperties) = preSolution
		HideSolutionNode = FALSE
	EndGlobalSection
	GlobalSection(ExtensibilityGlobals) = postSolution
		SolutionGuid = {180E57D2-5227-408D-B302-8BB11E7499F7}
	EndGlobalSection
EndGlobal
